// !$*UTF8*$!
{
	archiveVersion = 1;
	classes = {
	};
	objectVersion = 46;
	objects = {

/* Begin PBXBuildFile section */
		6275ADA41AA1427900361F6E /* Foundation.framework in Frameworks */ = {isa = PBXBuildFile; fileRef = 6275ADA31AA1427900361F6E /* Foundation.framework */; };
		6275ADA61AA1427900361F6E /* CoreGraphics.framework in Frameworks */ = {isa = PBXBuildFile; fileRef = 6275ADA51AA1427900361F6E /* CoreGraphics.framework */; };
		6275ADA81AA1427900361F6E /* UIKit.framework in Frameworks */ = {isa = PBXBuildFile; fileRef = 6275ADA71AA1427900361F6E /* UIKit.framework */; };
		6275ADAE1AA1427900361F6E /* InfoPlist.strings in Resources */ = {isa = PBXBuildFile; fileRef = 6275ADAC1AA1427900361F6E /* InfoPlist.strings */; };
		6275ADB01AA1427900361F6E /* main.m in Sources */ = {isa = PBXBuildFile; fileRef = 6275ADAF1AA1427900361F6E /* main.m */; };
		6275ADB41AA1427900361F6E /* AppDelegate.m in Sources */ = {isa = PBXBuildFile; fileRef = 6275ADB31AA1427900361F6E /* AppDelegate.m */; };
		6275ADB71AA1427900361F6E /* Main.storyboard in Resources */ = {isa = PBXBuildFile; fileRef = 6275ADB51AA1427900361F6E /* Main.storyboard */; };
		6275ADBA1AA1427900361F6E /* ViewController.m in Sources */ = {isa = PBXBuildFile; fileRef = 6275ADB91AA1427900361F6E /* ViewController.m */; };
		6275ADBC1AA1427900361F6E /* Images.xcassets in Resources */ = {isa = PBXBuildFile; fileRef = 6275ADBB1AA1427900361F6E /* Images.xcassets */; };
		6275ADC31AA1427900361F6E /* XCTest.framework in Frameworks */ = {isa = PBXBuildFile; fileRef = 6275ADC21AA1427900361F6E /* XCTest.framework */; };
		6275ADC41AA1427900361F6E /* Foundation.framework in Frameworks */ = {isa = PBXBuildFile; fileRef = 6275ADA31AA1427900361F6E /* Foundation.framework */; };
		6275ADC51AA1427900361F6E /* UIKit.framework in Frameworks */ = {isa = PBXBuildFile; fileRef = 6275ADA71AA1427900361F6E /* UIKit.framework */; };
		6275ADCD1AA1427900361F6E /* InfoPlist.strings in Resources */ = {isa = PBXBuildFile; fileRef = 6275ADCB1AA1427900361F6E /* InfoPlist.strings */; };
		6275ADCF1AA1427900361F6E /* ITCS2825_Lab5_CoakleyTests.m in Sources */ = {isa = PBXBuildFile; fileRef = 6275ADCE1AA1427900361F6E /* ITCS2825_Lab5_CoakleyTests.m */; };
/* End PBXBuildFile section */

/* Begin PBXContainerItemProxy section */
		6275ADC61AA1427900361F6E /* PBXContainerItemProxy */ = {
			isa = PBXContainerItemProxy;
			containerPortal = 6275AD981AA1427900361F6E /* Project object */;
			proxyType = 1;
			remoteGlobalIDString = 6275AD9F1AA1427900361F6E;
			remoteInfo = ITCS2825_Lab5_Coakley;
		};
/* End PBXContainerItemProxy section */

/* Begin PBXFileReference section */
		6275ADA01AA1427900361F6E /* ITCS2825_Lab5_Coakley.app */ = {isa = PBXFileReference; explicitFileType = wrapper.application; includeInIndex = 0; path = ITCS2825_Lab5_Coakley.app; sourceTree = BUILT_PRODUCTS_DIR; };
		6275ADA31AA1427900361F6E /* Foundation.framework */ = {isa = PBXFileReference; lastKnownFileType = wrapper.framework; name = Foundation.framework; path = System/Library/Frameworks/Foundation.framework; sourceTree = SDKROOT; };
		6275ADA51AA1427900361F6E /* CoreGraphics.framework */ = {isa = PBXFileReference; lastKnownFileType = wrapper.framework; name = CoreGraphics.framework; path = System/Library/Frameworks/CoreGraphics.framework; sourceTree = SDKROOT; };
		6275ADA71AA1427900361F6E /* UIKit.framework */ = {isa = PBXFileReference; lastKnownFileType = wrapper.framework; name = UIKit.framework; path = System/Library/Frameworks/UIKit.framework; sourceTree = SDKROOT; };
		6275ADAB1AA1427900361F6E /* ITCS2825_Lab5_Coakley-Info.plist */ = {isa = PBXFileReference; lastKnownFileType = text.plist.xml; path = "ITCS2825_Lab5_Coakley-Info.plist"; sourceTree = "<group>"; };
		6275ADAD1AA1427900361F6E /* en */ = {isa = PBXFileReference; lastKnownFileType = text.plist.strings; name = en; path = en.lproj/InfoPlist.strings; sourceTree = "<group>"; };
		6275ADAF1AA1427900361F6E /* main.m */ = {isa = PBXFileReference; lastKnownFileType = sourcecode.c.objc; path = main.m; sourceTree = "<group>"; };
		6275ADB11AA1427900361F6E /* ITCS2825_Lab5_Coakley-Prefix.pch */ = {isa = PBXFileReference; lastKnownFileType = sourcecode.c.h; path = "ITCS2825_Lab5_Coakley-Prefix.pch"; sourceTree = "<group>"; };
		6275ADB21AA1427900361F6E /* AppDelegate.h */ = {isa = PBXFileReference; lastKnownFileType = sourcecode.c.h; path = AppDelegate.h; sourceTree = "<group>"; };
		6275ADB31AA1427900361F6E /* AppDelegate.m */ = {isa = PBXFileReference; lastKnownFileType = sourcecode.c.objc; path = AppDelegate.m; sourceTree = "<group>"; };
		6275ADB61AA1427900361F6E /* Base */ = {isa = PBXFileReference; lastKnownFileType = file.storyboard; name = Base; path = Base.lproj/Main.storyboard; sourceTree = "<group>"; };
		6275ADB81AA1427900361F6E /* ViewController.h */ = {isa = PBXFileReference; lastKnownFileType = sourcecode.c.h; path = ViewController.h; sourceTree = "<group>"; };
		6275ADB91AA1427900361F6E /* ViewController.m */ = {isa = PBXFileReference; lastKnownFileType = sourcecode.c.objc; path = ViewController.m; sourceTree = "<group>"; };
		6275ADBB1AA1427900361F6E /* Images.xcassets */ = {isa = PBXFileReference; lastKnownFileType = folder.assetcatalog; path = Images.xcassets; sourceTree = "<group>"; };
		6275ADC11AA1427900361F6E /* ITCS2825_Lab5_CoakleyTests.xctest */ = {isa = PBXFileReference; explicitFileType = wrapper.cfbundle; includeInIndex = 0; path = ITCS2825_Lab5_CoakleyTests.xctest; sourceTree = BUILT_PRODUCTS_DIR; };
		6275ADC21AA1427900361F6E /* XCTest.framework */ = {isa = PBXFileReference; lastKnownFileType = wrapper.framework; name = XCTest.framework; path = Library/Frameworks/XCTest.framework; sourceTree = DEVELOPER_DIR; };
		6275ADCA1AA1427900361F6E /* ITCS2825_Lab5_CoakleyTests-Info.plist */ = {isa = PBXFileReference; lastKnownFileType = text.plist.xml; path = "ITCS2825_Lab5_CoakleyTests-Info.plist"; sourceTree = "<group>"; };
		6275ADCC1AA1427900361F6E /* en */ = {isa = PBXFileReference; lastKnownFileType = text.plist.strings; name = en; path = en.lproj/InfoPlist.strings; sourceTree = "<group>"; };
		6275ADCE1AA1427900361F6E /* ITCS2825_Lab5_CoakleyTests.m */ = {isa = PBXFileReference; lastKnownFileType = sourcecode.c.objc; path = ITCS2825_Lab5_CoakleyTests.m; sourceTree = "<group>"; };
/* End PBXFileReference section */

/* Begin PBXFrameworksBuildPhase section */
		6275AD9D1AA1427900361F6E /* Frameworks */ = {
			isa = PBXFrameworksBuildPhase;
			buildActionMask = 2147483647;
			files = (
				6275ADA61AA1427900361F6E /* CoreGraphics.framework in Frameworks */,
				6275ADA81AA1427900361F6E /* UIKit.framework in Frameworks */,
				6275ADA41AA1427900361F6E /* Foundation.framework in Frameworks */,
			);
			runOnlyForDeploymentPostprocessing = 0;
		};
		6275ADBE1AA1427900361F6E /* Frameworks */ = {
			isa = PBXFrameworksBuildPhase;
			buildActionMask = 2147483647;
			files = (
				6275ADC31AA1427900361F6E /* XCTest.framework in Frameworks */,
				6275ADC51AA1427900361F6E /* UIKit.framework in Frameworks */,
				6275ADC41AA1427900361F6E /* Foundation.framework in Frameworks */,
			);
			runOnlyForDeploymentPostprocessing = 0;
		};
/* End PBXFrameworksBuildPhase section */

/* Begin PBXGroup section */
		6275AD971AA1427900361F6E = {
			isa = PBXGroup;
			children = (
				6275ADA91AA1427900361F6E /* ITCS2825_Lab5_Coakley */,
				6275ADC81AA1427900361F6E /* ITCS2825_Lab5_CoakleyTests */,
				6275ADA21AA1427900361F6E /* Frameworks */,
				6275ADA11AA1427900361F6E /* Products */,
			);
			sourceTree = "<group>";
		};
		6275ADA11AA1427900361F6E /* Products */ = {
			isa = PBXGroup;
			children = (
				6275ADA01AA1427900361F6E /* ITCS2825_Lab5_Coakley.app */,
				6275ADC11AA1427900361F6E /* ITCS2825_Lab5_CoakleyTests.xctest */,
			);
			name = Products;
			sourceTree = "<group>";
		};
		6275ADA21AA1427900361F6E /* Frameworks */ = {
			isa = PBXGroup;
			children = (
				6275ADA31AA1427900361F6E /* Foundation.framework */,
				6275ADA51AA1427900361F6E /* CoreGraphics.framework */,
				6275ADA71AA1427900361F6E /* UIKit.framework */,
				6275ADC21AA1427900361F6E /* XCTest.framework */,
			);
			name = Frameworks;
			sourceTree = "<group>";
		};
		6275ADA91AA1427900361F6E /* ITCS2825_Lab5_Coakley */ = {
			isa = PBXGroup;
			children = (
				6275ADB21AA1427900361F6E /* AppDelegate.h */,
				6275ADB31AA1427900361F6E /* AppDelegate.m */,
				6275ADB51AA1427900361F6E /* Main.storyboard */,
				6275ADB81AA1427900361F6E /* ViewController.h */,
				6275ADB91AA1427900361F6E /* ViewController.m */,
				6275ADBB1AA1427900361F6E /* Images.xcassets */,
				6275ADAA1AA1427900361F6E /* Supporting Files */,
			);
			path = ITCS2825_Lab5_Coakley;
			sourceTree = "<group>";
		};
		6275ADAA1AA1427900361F6E /* Supporting Files */ = {
			isa = PBXGroup;
			children = (
				6275ADAB1AA1427900361F6E /* ITCS2825_Lab5_Coakley-Info.plist */,
				6275ADAC1AA1427900361F6E /* InfoPlist.strings */,
				6275ADAF1AA1427900361F6E /* main.m */,
				6275ADB11AA1427900361F6E /* ITCS2825_Lab5_Coakley-Prefix.pch */,
			);
			name = "Supporting Files";
			sourceTree = "<group>";
		};
		6275ADC81AA1427900361F6E /* ITCS2825_Lab5_CoakleyTests */ = {
			isa = PBXGroup;
			children = (
				6275ADCE1AA1427900361F6E /* ITCS2825_Lab5_CoakleyTests.m */,
				6275ADC91AA1427900361F6E /* Supporting Files */,
			);
			path = ITCS2825_Lab5_CoakleyTests;
			sourceTree = "<group>";
		};
		6275ADC91AA1427900361F6E /* Supporting Files */ = {
			isa = PBXGroup;
			children = (
				6275ADCA1AA1427900361F6E /* ITCS2825_Lab5_CoakleyTests-Info.plist */,
				6275ADCB1AA1427900361F6E /* InfoPlist.strings */,
			);
			name = "Supporting Files";
			sourceTree = "<group>";
		};
/* End PBXGroup section */

/* Begin PBXNativeTarget section */
		6275AD9F1AA1427900361F6E /* ITCS2825_Lab5_Coakley */ = {
			isa = PBXNativeTarget;
			buildConfigurationList = 6275ADD21AA1427900361F6E /* Build configuration list for PBXNativeTarget "ITCS2825_Lab5_Coakley" */;
			buildPhases = (
				6275AD9C1AA1427900361F6E /* Sources */,
				6275AD9D1AA1427900361F6E /* Frameworks */,
				6275AD9E1AA1427900361F6E /* Resources */,
			);
			buildRules = (
			);
			dependencies = (
			);
			name = ITCS2825_Lab5_Coakley;
			productName = ITCS2825_Lab5_Coakley;
			productReference = 6275ADA01AA1427900361F6E /* ITCS2825_Lab5_Coakley.app */;
			productType = "com.apple.product-type.application";
		};
		6275ADC01AA1427900361F6E /* ITCS2825_Lab5_CoakleyTests */ = {
			isa = PBXNativeTarget;
			buildConfigurationList = 6275ADD51AA1427900361F6E /* Build configuration list for PBXNativeTarget "ITCS2825_Lab5_CoakleyTests" */;
			buildPhases = (
				6275ADBD1AA1427900361F6E /* Sources */,
				6275ADBE1AA1427900361F6E /* Frameworks */,
				6275ADBF1AA1427900361F6E /* Resources */,
			);
			buildRules = (
			);
			dependencies = (
				6275ADC71AA1427900361F6E /* PBXTargetDependency */,
			);
			name = ITCS2825_Lab5_CoakleyTests;
			productName = ITCS2825_Lab5_CoakleyTests;
			productReference = 6275ADC11AA1427900361F6E /* ITCS2825_Lab5_CoakleyTests.xctest */;
			productType = "com.apple.product-type.bundle.unit-test";
		};
/* End PBXNativeTarget section */

/* Begin PBXProject section */
		6275AD981AA1427900361F6E /* Project object */ = {
			isa = PBXProject;
			attributes = {
				LastUpgradeCheck = 0510;
				ORGANIZATIONNAME = lcc;
				TargetAttributes = {
					6275ADC01AA1427900361F6E = {
						TestTargetID = 6275AD9F1AA1427900361F6E;
					};
				};
			};
			buildConfigurationList = 6275AD9B1AA1427900361F6E /* Build configuration list for PBXProject "ITCS2825_Lab5_Coakley" */;
			compatibilityVersion = "Xcode 3.2";
			developmentRegion = English;
			hasScannedForEncodings = 0;
			knownRegions = (
				en,
				Base,
			);
			mainGroup = 6275AD971AA1427900361F6E;
			productRefGroup = 6275ADA11AA1427900361F6E /* Products */;
			projectDirPath = "";
			projectRoot = "";
			targets = (
				6275AD9F1AA1427900361F6E /* ITCS2825_Lab5_Coakley */,
				6275ADC01AA1427900361F6E /* ITCS2825_Lab5_CoakleyTests */,
			);
		};
/* End PBXProject section */

/* Begin PBXResourcesBuildPhase section */
		6275AD9E1AA1427900361F6E /* Resources */ = {
			isa = PBXResourcesBuildPhase;
			buildActionMask = 2147483647;
			files = (
				6275ADBC1AA1427900361F6E /* Images.xcassets in Resources */,
				6275ADAE1AA1427900361F6E /* InfoPlist.strings in Resources */,
				6275ADB71AA1427900361F6E /* Main.storyboard in Resources */,
			);
			runOnlyForDeploymentPostprocessing = 0;
		};
		6275ADBF1AA1427900361F6E /* Resources */ = {
			isa = PBXResourcesBuildPhase;
			buildActionMask = 2147483647;
			files = (
				6275ADCD1AA1427900361F6E /* InfoPlist.strings in Resources */,
			);
			runOnlyForDeploymentPostprocessing = 0;
		};
/* End PBXResourcesBuildPhase section */

/* Begin PBXSourcesBuildPhase section */
		6275AD9C1AA1427900361F6E /* Sources */ = {
			isa = PBXSourcesBuildPhase;
			buildActionMask = 2147483647;
			files = (
				6275ADBA1AA1427900361F6E /* ViewController.m in Sources */,
				6275ADB41AA1427900361F6E /* AppDelegate.m in Sources */,
				6275ADB01AA1427900361F6E /* main.m in Sources */,
			);
			runOnlyForDeploymentPostprocessing = 0;
		};
		6275ADBD1AA1427900361F6E /* Sources */ = {
			isa = PBXSourcesBuildPhase;
			buildActionMask = 2147483647;
			files = (
				6275ADCF1AA1427900361F6E /* ITCS2825_Lab5_CoakleyTests.m in Sources */,
			);
			runOnlyForDeploymentPostprocessing = 0;
		};
/* End PBXSourcesBuildPhase section */

/* Begin PBXTargetDependency section */
		6275ADC71AA1427900361F6E /* PBXTargetDependency */ = {
			isa = PBXTargetDependency;
			target = 6275AD9F1AA1427900361F6E /* ITCS2825_Lab5_Coakley */;
			targetProxy = 6275ADC61AA1427900361F6E /* PBXContainerItemProxy */;
		};
/* End PBXTargetDependency section */

/* Begin PBXVariantGroup section */
		6275ADAC1AA1427900361F6E /* InfoPlist.strings */ = {
			isa = PBXVariantGroup;
			children = (
				6275ADAD1AA1427900361F6E /* en */,
			);
			name = InfoPlist.strings;
			sourceTree = "<group>";
		};
		6275ADB51AA1427900361F6E /* Main.storyboard */ = {
			isa = PBXVariantGroup;
			children = (
				6275ADB61AA1427900361F6E /* Base */,
			);
			name = Main.storyboard;
			sourceTree = "<group>";
		};
		6275ADCB1AA1427900361F6E /* InfoPlist.strings */ = {
			isa = PBXVariantGroup;
			children = (
				6275ADCC1AA1427900361F6E /* en */,
			);
			name = InfoPlist.strings;
			sourceTree = "<group>";
		};
/* End PBXVariantGroup section */

/* Begin XCBuildConfiguration section */
		6275ADD01AA1427900361F6E /* Debug */ = {
			isa = XCBuildConfiguration;
			buildSettings = {
				ALWAYS_SEARCH_USER_PATHS = NO;
				CLANG_CXX_LANGUAGE_STANDARD = "gnu++0x";
				CLANG_CXX_LIBRARY = "libc++";
				CLANG_ENABLE_MODULES = YES;
				CLANG_ENABLE_OBJC_ARC = YES;
				CLANG_WARN_BOOL_CONVERSION = YES;
				CLANG_WARN_CONSTANT_CONVERSION = YES;
				CLANG_WARN_DIRECT_OBJC_ISA_USAGE = YES_ERROR;
				CLANG_WARN_EMPTY_BODY = YES;
				CLANG_WARN_ENUM_CONVERSION = YES;
				CLANG_WARN_INT_CONVERSION = YES;
				CLANG_WARN_OBJC_ROOT_CLASS = YES_ERROR;
				CLANG_WARN__DUPLICATE_METHOD_MATCH = YES;
				"CODE_SIGN_IDENTITY[sdk=iphoneos*]" = "iPhone Developer";
				COPY_PHASE_STRIP = NO;
				GCC_C_LANGUAGE_STANDARD = gnu99;
				GCC_DYNAMIC_NO_PIC = NO;
				GCC_OPTIMIZATION_LEVEL = 0;
				GCC_PREPROCESSOR_DEFINITIONS = (
					"DEBUG=1",
					"$(inherited)",
				);
				GCC_SYMBOLS_PRIVATE_EXTERN = NO;
				GCC_WARN_64_TO_32_BIT_CONVERSION = YES;
				GCC_WARN_ABOUT_RETURN_TYPE = YES_ERROR;
				GCC_WARN_UNDECLARED_SELECTOR = YES;
				GCC_WARN_UNINITIALIZED_AUTOS = YES_AGGRESSIVE;
				GCC_WARN_UNUSED_FUNCTION = YES;
				GCC_WARN_UNUSED_VARIABLE = YES;
				IPHONEOS_DEPLOYMENT_TARGET = 7.1;
				ONLY_ACTIVE_ARCH = YES;
				SDKROOT = iphoneos;
			};
			name = Debug;
		};
		6275ADD11AA1427900361F6E /* Release */ = {
			isa = XCBuildConfiguration;
			buildSettings = {
				ALWAYS_SEARCH_USER_PATHS = NO;
				CLANG_CXX_LANGUAGE_STANDARD = "gnu++0x";
				CLANG_CXX_LIBRARY = "libc++";
				CLANG_ENABLE_MODULES = YES;
				CLANG_ENABLE_OBJC_ARC = YES;
				CLANG_WARN_BOOL_CONVERSION = YES;
				CLANG_WARN_CONSTANT_CONVERSION = YES;
				CLANG_WARN_DIRECT_OBJC_ISA_USAGE = YES_ERROR;
				CLANG_WARN_EMPTY_BODY = YES;
				CLANG_WARN_ENUM_CONVERSION = YES;
				CLANG_WARN_INT_CONVERSION = YES;
				CLANG_WARN_OBJC_ROOT_CLASS = YES_ERROR;
				CLANG_WARN__DUPLICATE_METHOD_MATCH = YES;
				"CODE_SIGN_IDENTITY[sdk=iphoneos*]" = "iPhone Developer";
				COPY_PHASE_STRIP = YES;
				ENABLE_NS_ASSERTIONS = NO;
				GCC_C_LANGUAGE_STANDARD = gnu99;
				GCC_WARN_64_TO_32_BIT_CONVERSION = YES;
				GCC_WARN_ABOUT_RETURN_TYPE = YES_ERROR;
				GCC_WARN_UNDECLARED_SELECTOR = YES;
				GCC_WARN_UNINITIALIZED_AUTOS = YES_AGGRESSIVE;
				GCC_WARN_UNUSED_FUNCTION = YES;
				GCC_WARN_UNUSED_VARIABLE = YES;
				IPHONEOS_DEPLOYMENT_TARGET = 7.1;
				SDKROOT = iphoneos;
				VALIDATE_PRODUCT = YES;
			};
			name = Release;
		};
		6275ADD31AA1427900361F6E /* Debug */ = {
			isa = XCBuildConfiguration;
			buildSettings = {
				ASSETCATALOG_COMPILER_APPICON_NAME = AppIcon;
				ASSETCATALOG_COMPILER_LAUNCHIMAGE_NAME = LaunchImage;
				GCC_PRECOMPILE_PREFIX_HEADER = YES;
				GCC_PREFIX_HEADER = "ITCS2825_Lab5_Coakley/ITCS2825_Lab5_Coakley-Prefix.pch";
				INFOPLIST_FILE = "ITCS2825_Lab5_Coakley/ITCS2825_Lab5_Coakley-Info.plist";
				PRODUCT_NAME = "$(TARGET_NAME)";
				WRAPPER_EXTENSION = app;
			};
			name = Debug;
		};
		6275ADD41AA1427900361F6E /* Release */ = {
			isa = XCBuildConfiguration;
			buildSettings = {
				ASSETCATALOG_COMPILER_APPICON_NAME = AppIcon;
				ASSETCATALOG_COMPILER_LAUNCHIMAGE_NAME = LaunchImage;
				GCC_PRECOMPILE_PREFIX_HEADER = YES;
				GCC_PREFIX_HEADER = "ITCS2825_Lab5_Coakley/ITCS2825_Lab5_Coakley-Prefix.pch";
				INFOPLIST_FILE = "ITCS2825_Lab5_Coakley/ITCS2825_Lab5_Coakley-Info.plist";
				PRODUCT_NAME = "$(TARGET_NAME)";
				WRAPPER_EXTENSION = app;
			};
			name = Release;
		};
		6275ADD61AA1427900361F6E /* Debug */ = {
			isa = XCBuildConfiguration;
			buildSettings = {
				BUNDLE_LOADER = "$(BUILT_PRODUCTS_DIR)/ITCS2825_Lab5_Coakley.app/ITCS2825_Lab5_Coakley";
				FRAMEWORK_SEARCH_PATHS = (
					"$(SDKROOT)/Developer/Library/Frameworks",
					"$(inherited)",
					"$(DEVELOPER_FRAMEWORKS_DIR)",
				);
				GCC_PRECOMPILE_PREFIX_HEADER = YES;
				GCC_PREFIX_HEADER = "ITCS2825_Lab5_Coakley/ITCS2825_Lab5_Coakley-Prefix.pch";
				GCC_PREPROCESSOR_DEFINITIONS = (
					"DEBUG=1",
					"$(inherited)",
				);
				INFOPLIST_FILE = "ITCS2825_Lab5_CoakleyTests/ITCS2825_Lab5_CoakleyTests-Info.plist";
				PRODUCT_NAME = "$(TARGET_NAME)";
				TEST_HOST = "$(BUNDLE_LOADER)";
				WRAPPER_EXTENSION = xctest;
			};
			name = Debug;
		};
		6275ADD71AA1427900361F6E /* Release */ = {
			isa = XCBuildConfiguration;
			buildSettings = {
				BUNDLE_LOADER = "$(BUILT_PRODUCTS_DIR)/ITCS2825_Lab5_Coakley.app/ITCS2825_Lab5_Coakley";
				FRAMEWORK_SEARCH_PATHS = (
					"$(SDKROOT)/Developer/Library/Frameworks",
					"$(inherited)",
					"$(DEVELOPER_FRAMEWORKS_DIR)",
				);
				GCC_PRECOMPILE_PREFIX_HEADER = YES;
				GCC_PREFIX_HEADER = "ITCS2825_Lab5_Coakley/ITCS2825_Lab5_Coakley-Prefix.pch";
				INFOPLIST_FILE = "ITCS2825_Lab5_CoakleyTests/ITCS2825_Lab5_CoakleyTests-Info.plist";
				PRODUCT_NAME = "$(TARGET_NAME)";
				TEST_HOST = "$(BUNDLE_LOADER)";
				WRAPPER_EXTENSION = xctest;
			};
			name = Release;
		};
/* End XCBuildConfiguration section */

/* Begin XCConfigurationList section */
		6275AD9B1AA1427900361F6E /* Build configuration list for PBXProject "ITCS2825_Lab5_Coakley" */ = {
			isa = XCConfigurationList;
			buildConfigurations = (
				6275ADD01AA1427900361F6E /* Debug */,
				6275ADD11AA1427900361F6E /* Release */,
			);
			defaultConfigurationIsVisible = 0;
			defaultConfigurationName = Release;
		};
		6275ADD21AA1427900361F6E /* Build configuration list for PBXNativeTarget "ITCS2825_Lab5_Coakley" */ = {
			isa = XCConfigurationList;
			buildConfigurations = (
				6275ADD31AA1427900361F6E /* Debug */,
				6275ADD41AA1427900361F6E /* Release */,
			);
			defaultConfigurationIsVisible = 0;
		};
		6275ADD51AA1427900361F6E /* Build configuration list for PBXNativeTarget "ITCS2825_Lab5_CoakleyTests" */ = {
			isa = XCConfigurationList;
			buildConfigurations = (
				6275ADD61AA1427900361F6E /* Debug */,
				6275ADD71AA1427900361F6E /* Release */,
			);
			defaultConfigurationIsVisible = 0;
		};
/* End XCConfigurationList section */
	};
	rootObject = 6275AD981AA1427900361F6E /* Project object */;
}
